
Microsoft Visual Studio Solution File, Format Version 12.00
# Visual Studio Version 17
VisualStudioVersion = 17.6.33712.159
MinimumVisualStudioVersion = 10.0.40219.1
Project("{FAE04EC0-301F-11D3-BF4B-00C04F79EFBC}") = "Blog.web", "Blog.web\Blog.web.csproj", "{909E727A-5729-4E50-AAE1-7026C9C027F7}"
EndProject
Global
	GlobalSection(SolutionConfigurationPlatforms) = preSolution
		Debug|Any CPU = Debug|Any CPU
		Release|Any CPU = Release|Any CPU
	EndGlobalSection
	GlobalSection(ProjectConfigurationPlatforms) = postSolution
		{909E727A-5729-4E50-AAE1-7026C9C027F7}.Debug|Any CPU.ActiveCfg = Debug|Any CPU
		{909E727A-5729-4E50-AAE1-7026C9C027F7}.Debug|Any CPU.Build.0 = Debug|Any CPU
		{909E727A-5729-4E50-AAE1-7026C9C027F7}.Release|Any CPU.ActiveCfg = Release|Any CPU
		{909E727A-5729-4E50-AAE1-7026C9C027F7}.Release|Any CPU.Build.0 = Release|Any CPU
	EndGlobalSection
	GlobalSection(SolutionProperties) = preSolution
		HideSolutionNode = FALSE
	EndGlobalSection
	GlobalSection(ExtensibilityGlobals) = postSolution
		SolutionGuid = {4A280477-471E-4981-A3E6-F394036238C1}
	EndGlobalSection
EndGlobal
